<?xml version="1.0" encoding="utf-8"?>
<Project ToolsVersion="15.0" xmlns="http://schemas.microsoft.com/developer/msbuild/2003">
  <ItemGroup>
    <CustomBuild Include="D:\WorkSpace\ComputerGraphic\ss3\libs\glfw-3.3.2\prj\CMakeFiles\3cb0b5e4a598b8979a87eea3a1f34ab5\INSTALL_force.rule">
      <Filter>CMake Rules</Filter>
    </CustomBuild>
  </ItemGroup>
  <ItemGroup>
    <Filter Include="CMake Rules">
      <UniqueIdentifier>{4E43195C-1278-3692-866E-EF7AD0877897}</UniqueIdentifier>
    </Filter>
  </ItemGroup>
</Project>
